# This file is automatically @generated by Cargo.
# It is not intended for manual editing.
version = 4

[[package]]
name = "heptabao-authbus-contracts"
version = "0.1.0"
dependencies = [
 "heptabao-protocol",
]

[[package]]
name = "heptabao-barrier-api"
version = "0.1.0"
dependencies = [
 "heptabao-storage-api",
]

[[package]]
name = "heptabao-durable-core"
version = "0.1.0"
dependencies = [
 "heptabao-barrier-api",
 "heptabao-storage-api",
]

[[package]]
name = "heptabao-filesystem-guard"
version = "0.1.0"

[[package]]
name = "heptabao-governance"
version = "0.1.0"

[[package]]
name = "heptabao-journal-api"
version = "0.1.0"

[[package]]
name = "heptabao-journaled-core"
version = "0.1.0"
dependencies = [
 "heptabao-barrier-api",
 "heptabao-durable-core",
 "heptabao-journal-api",
 "heptabao-operation-ledger",
 "heptabao-single-node-journal",
 "heptabao-single-node-store",
 "heptabao-storage-api",
]

[[package]]
name = "heptabao-key-lifecycle"
version = "0.1.0"
dependencies = [
 "heptabao-barrier-api",
 "heptabao-journal-api",
]

[[package]]
name = "heptabao-operation-ledger"
version = "0.1.0"
dependencies = [
 "heptabao-journal-api",
 "heptabao-storage-api",
]

[[package]]
name = "heptabao-oracle-observer"
version = "0.1.0"

[[package]]
name = "heptabao-p0-server"
version = "0.1.0"
dependencies = [
 "heptabao-protocol",
]

[[package]]
name = "heptabao-platform-bakeoff"
version = "0.1.0"

[[package]]
name = "heptabao-platform-contracts"
version = "0.1.0"

[[package]]
name = "heptabao-protocol"
version = "0.1.0"

[[package]]
name = "heptabao-recovery-core"
version = "0.1.0"
dependencies = [
 "heptabao-barrier-api",
 "heptabao-journal-api",
 "heptabao-rollback-anchor",
 "heptabao-storage-api",
]

[[package]]
name = "heptabao-rollback-anchor"
version = "0.1.0"
dependencies = [
 "heptabao-barrier-api",
 "heptabao-journal-api",
 "heptabao-storage-api",
]

[[package]]
name = "heptabao-single-node-journal"
version = "0.1.0"
dependencies = [
 "heptabao-filesystem-guard",
 "heptabao-journal-api",
]

[[package]]
name = "heptabao-single-node-store"
version = "0.1.0"
dependencies = [
 "heptabao-filesystem-guard",
 "heptabao-storage-api",
]

[[package]]
name = "heptabao-storage-api"
version = "0.1.0"
